
Microsoft Visual Studio Solution File, Format Version 12.00
# Visual Studio Version 17
VisualStudioVersion = 17.0.32126.317
MinimumVisualStudioVersion = 10.0.40219.1
Project("{FAE04EC0-301F-11D3-BF4B-00C04F79EFBC}") = "WPF_QuanLyQuanCafe", "WPF_QuanLyQuanCafe\WPF_QuanLyQuanCafe.csproj", "{3D102941-75F0-4A12-B91A-2D17E5A1158E}"
EndProject
Global
	GlobalSection(SolutionConfigurationPlatforms) = preSolution
		Debug|Any CPU = Debug|Any CPU
		Release|Any CPU = Release|Any CPU
	EndGlobalSection
	GlobalSection(ProjectConfigurationPlatforms) = postSolution
		{3D102941-75F0-4A12-B91A-2D17E5A1158E}.Debug|Any CPU.ActiveCfg = Debug|Any CPU
		{3D102941-75F0-4A12-B91A-2D17E5A1158E}.Debug|Any CPU.Build.0 = Debug|Any CPU
		{3D102941-75F0-4A12-B91A-2D17E5A1158E}.Release|Any CPU.ActiveCfg = Release|Any CPU
		{3D102941-75F0-4A12-B91A-2D17E5A1158E}.Release|Any CPU.Build.0 = Release|Any CPU
	EndGlobalSection
	GlobalSection(SolutionProperties) = preSolution
		HideSolutionNode = FALSE
	EndGlobalSection
	GlobalSection(ExtensibilityGlobals) = postSolution
		SolutionGuid = {9F4F4976-1A21-46A7-8D47-CB53CAA9A045}
	EndGlobalSection
EndGlobal
